
Microsoft Visual Studio Solution File, Format Version 12.00
# Visual Studio 15
VisualStudioVersion = 15.0.28307.572
MinimumVisualStudioVersion = 10.0.40219.1
Project("{9A19103F-16F7-4668-BE54-9A1E7A4F7556}") = "client", "client.csproj", "{C14F5171-F42B-4553-960C-D8FBB4FFF031}"
EndProject
Project("{9A19103F-16F7-4668-BE54-9A1E7A4F7556}") = "server", "..\server\server.csproj", "{318C68F0-BB15-4F20-A678-AA145A2B81AE}"
EndProject
Project("{D954291E-2A0B-460D-934E-DC6B0785DB48}") = "common", "..\sharedfiles\common.shproj", "{180A427C-2F22-424E-B950-8F7DE3454D37}"
EndProject
Project("{FAE04EC0-301F-11D3-BF4B-00C04F79EFBC}") = "guiClient", "..\guiClient\guiClient.csproj", "{02C0C6AD-142A-428E-A9B8-074659972ECE}"
EndProject
Global
	GlobalSection(SharedMSBuildProjectFiles) = preSolution
		..\sharedfiles\sharedfiles.projitems*{180a427c-2f22-424e-b950-8f7de3454d37}*SharedItemsImports = 13
	EndGlobalSection
	GlobalSection(SolutionConfigurationPlatforms) = preSolution
		Debug|Any CPU = Debug|Any CPU
		Release|Any CPU = Release|Any CPU
	EndGlobalSection
	GlobalSection(ProjectConfigurationPlatforms) = postSolution
		{C14F5171-F42B-4553-960C-D8FBB4FFF031}.Debug|Any CPU.ActiveCfg = Debug|Any CPU
		{C14F5171-F42B-4553-960C-D8FBB4FFF031}.Debug|Any CPU.Build.0 = Debug|Any CPU
		{C14F5171-F42B-4553-960C-D8FBB4FFF031}.Release|Any CPU.ActiveCfg = Release|Any CPU
		{C14F5171-F42B-4553-960C-D8FBB4FFF031}.Release|Any CPU.Build.0 = Release|Any CPU
		{318C68F0-BB15-4F20-A678-AA145A2B81AE}.Debug|Any CPU.ActiveCfg = Debug|Any CPU
		{318C68F0-BB15-4F20-A678-AA145A2B81AE}.Debug|Any CPU.Build.0 = Debug|Any CPU
		{318C68F0-BB15-4F20-A678-AA145A2B81AE}.Release|Any CPU.ActiveCfg = Release|Any CPU
		{318C68F0-BB15-4F20-A678-AA145A2B81AE}.Release|Any CPU.Build.0 = Release|Any CPU
		{02C0C6AD-142A-428E-A9B8-074659972ECE}.Debug|Any CPU.ActiveCfg = Debug|Any CPU
		{02C0C6AD-142A-428E-A9B8-074659972ECE}.Debug|Any CPU.Build.0 = Debug|Any CPU
		{02C0C6AD-142A-428E-A9B8-074659972ECE}.Release|Any CPU.ActiveCfg = Release|Any CPU
		{02C0C6AD-142A-428E-A9B8-074659972ECE}.Release|Any CPU.Build.0 = Release|Any CPU
	EndGlobalSection
	GlobalSection(SolutionProperties) = preSolution
		HideSolutionNode = FALSE
	EndGlobalSection
	GlobalSection(ExtensibilityGlobals) = postSolution
		SolutionGuid = {4E7CA64A-32DE-4FD8-BCBB-6C7F5809140B}
	EndGlobalSection
EndGlobal
